
Microsoft Visual Studio Solution File, Format Version 12.00
# Visual Studio 15
VisualStudioVersion = 15.0.28010.2003
MinimumVisualStudioVersion = 10.0.40219.1
Project("{FAE04EC0-301F-11D3-BF4B-00C04F79EFBC}") = "Variabler", "Variabler\Variabler.csproj", "{6CAB6B2C-329E-46F9-8904-4F18BE3A4383}"
EndProject
Project("{FAE04EC0-301F-11D3-BF4B-00C04F79EFBC}") = "VariabelOpgave", "VariabelOpgave\VariabelOpgave.csproj", "{BD1E3ADC-448A-470A-B4D7-C75D52E3AB16}"
EndProject
Project("{FAE04EC0-301F-11D3-BF4B-00C04F79EFBC}") = "DatoOpgave", "DatoOpgave\DatoOpgave.csproj", "{27C06F6B-16C5-4AB2-98CD-154FB9BB821B}"
EndProject
Project("{FAE04EC0-301F-11D3-BF4B-00C04F79EFBC}") = "EnumOpgave", "EnumOpgave\EnumOpgave.csproj", "{7FBBA5D8-5A04-4A9C-862F-892345769155}"
EndProject
Project("{FAE04EC0-301F-11D3-BF4B-00C04F79EFBC}") = "TalTabel", "TalTabel\TalTabel.csproj", "{B6849714-9CB7-4B32-9076-4E36140E4AB0}"
EndProject
Project("{FAE04EC0-301F-11D3-BF4B-00C04F79EFBC}") = "SmåMetoderSimpel", "SmåMetoderSimpel\SmåMetoderSimpel.csproj", "{EAD02AC4-A9EA-412F-8F57-82405C07FF80}"
EndProject
Project("{FAE04EC0-301F-11D3-BF4B-00C04F79EFBC}") = "Overload", "Overload\Overload.csproj", "{D837EBEC-90A2-4275-95F7-B50D6765E09F}"
EndProject
Project("{FAE04EC0-301F-11D3-BF4B-00C04F79EFBC}") = "Rekursion", "Rekursion\Rekursion.csproj", "{4D767D55-189F-486C-A1AD-F0799168D127}"
EndProject
Project("{FAE04EC0-301F-11D3-BF4B-00C04F79EFBC}") = "SimplFejlhåndtering", "SimplFejlhåndtering\SimplFejlhåndtering.csproj", "{BB0593ED-1E53-4DF4-90A3-E677BC80F49A}"
EndProject
Project("{FAE04EC0-301F-11D3-BF4B-00C04F79EFBC}") = "LogDemo", "LogDemo\LogDemo.csproj", "{2E1BF470-8E4C-4B31-B6E2-5543A22C6662}"
EndProject
Project("{FAE04EC0-301F-11D3-BF4B-00C04F79EFBC}") = "Klasser(Terning)", "Klasser(Terning)\Klasser(Terning).csproj", "{75548A57-3A1D-477E-824F-BF8C07B10122}"
EndProject
Project("{FAE04EC0-301F-11D3-BF4B-00C04F79EFBC}") = "Klasser_Statisk", "Klasser_Statisk\Klasser_Statisk.csproj", "{5A43A88B-50EF-4D96-9942-682352713D24}"
EndProject
Project("{FAE04EC0-301F-11D3-BF4B-00C04F79EFBC}") = "Egenskaber_fuldEgenskab", "Egenskaber_fuldEgenskab\Egenskaber_fuldEgenskab.csproj", "{CAB5898C-F1A8-44E7-A794-57B48F7C6BA6}"
EndProject
Project("{FAE04EC0-301F-11D3-BF4B-00C04F79EFBC}") = "Egenskaber_automatiskEgenskab", "Egenskaber_automatiskEgenskab\Egenskaber_automatiskEgenskab.csproj", "{2C61FC43-341A-46E6-8CA6-C865A9DD1EED}"
EndProject
Project("{FAE04EC0-301F-11D3-BF4B-00C04F79EFBC}") = "Egenskaber_getSomMetoder", "Egenskaber_getSomMetoder\Egenskaber_getSomMetoder.csproj", "{7549B303-C581-48FD-A749-C5CBE1B26A9B}"
EndProject
Project("{FAE04EC0-301F-11D3-BF4B-00C04F79EFBC}") = "Egenskaber_terning", "Egenskaber_terning\Egenskaber_terning.csproj", "{29CF70C3-C682-454E-9549-A8027D36D53E}"
EndProject
Project("{FAE04EC0-301F-11D3-BF4B-00C04F79EFBC}") = "Arrays_simpel", "Arrays_simpel\Arrays_simpel.csproj", "{FAC99B63-0BC3-4DC8-A267-EB0D951099D9}"
EndProject
Project("{FAE04EC0-301F-11D3-BF4B-00C04F79EFBC}") = "Array_split", "Array_split\Array_split.csproj", "{B4D9079E-0AD9-4A79-A61C-6308C6BEEF2F}"
EndProject
Project("{FAE04EC0-301F-11D3-BF4B-00C04F79EFBC}") = "Samlinger_simpel", "Samlinger_simpel\Samlinger_simpel.csproj", "{79E0EE1D-4BE4-41FC-B40D-2EDCFD2CE5D9}"
EndProject
Project("{FAE04EC0-301F-11D3-BF4B-00C04F79EFBC}") = "Samlinger_stack", "Samlinger_stack\Samlinger_stack.csproj", "{F28A24BA-FE35-4A2C-9975-24593104FDEF}"
EndProject
Project("{FAE04EC0-301F-11D3-BF4B-00C04F79EFBC}") = "Arv_simpel", "Arv_simpel\Arv_simpel.csproj", "{45B2B111-9637-4A49-8D49-6C90518AA9A7}"
EndProject
Project("{FAE04EC0-301F-11D3-BF4B-00C04F79EFBC}") = "Arv_udvidSystemRandom", "ConsoleApp1\Arv_udvidSystemRandom.csproj", "{8AFDC2FD-8460-4777-B4A3-7F0BFEB05298}"
EndProject
Project("{FAE04EC0-301F-11D3-BF4B-00C04F79EFBC}") = "Arv_terning", "Arv_terning\Arv_terning.csproj", "{18C15936-1BDC-47FD-B81A-D259C6B6B244}"
EndProject
Project("{FAE04EC0-301F-11D3-BF4B-00C04F79EFBC}") = "Arv_polymorfi", "Arv_polymorfi\Arv_polymorfi.csproj", "{914CC790-6F7A-4200-B8A1-35EA396EFD04}"
EndProject
Global
	GlobalSection(SolutionConfigurationPlatforms) = preSolution
		Debug|Any CPU = Debug|Any CPU
		Release|Any CPU = Release|Any CPU
	EndGlobalSection
	GlobalSection(ProjectConfigurationPlatforms) = postSolution
		{6CAB6B2C-329E-46F9-8904-4F18BE3A4383}.Debug|Any CPU.ActiveCfg = Debug|Any CPU
		{6CAB6B2C-329E-46F9-8904-4F18BE3A4383}.Debug|Any CPU.Build.0 = Debug|Any CPU
		{6CAB6B2C-329E-46F9-8904-4F18BE3A4383}.Release|Any CPU.ActiveCfg = Release|Any CPU
		{6CAB6B2C-329E-46F9-8904-4F18BE3A4383}.Release|Any CPU.Build.0 = Release|Any CPU
		{BD1E3ADC-448A-470A-B4D7-C75D52E3AB16}.Debug|Any CPU.ActiveCfg = Debug|Any CPU
		{BD1E3ADC-448A-470A-B4D7-C75D52E3AB16}.Debug|Any CPU.Build.0 = Debug|Any CPU
		{BD1E3ADC-448A-470A-B4D7-C75D52E3AB16}.Release|Any CPU.ActiveCfg = Release|Any CPU
		{BD1E3ADC-448A-470A-B4D7-C75D52E3AB16}.Release|Any CPU.Build.0 = Release|Any CPU
		{27C06F6B-16C5-4AB2-98CD-154FB9BB821B}.Debug|Any CPU.ActiveCfg = Debug|Any CPU
		{27C06F6B-16C5-4AB2-98CD-154FB9BB821B}.Debug|Any CPU.Build.0 = Debug|Any CPU
		{27C06F6B-16C5-4AB2-98CD-154FB9BB821B}.Release|Any CPU.ActiveCfg = Release|Any CPU
		{27C06F6B-16C5-4AB2-98CD-154FB9BB821B}.Release|Any CPU.Build.0 = Release|Any CPU
		{7FBBA5D8-5A04-4A9C-862F-892345769155}.Debug|Any CPU.ActiveCfg = Debug|Any CPU
		{7FBBA5D8-5A04-4A9C-862F-892345769155}.Debug|Any CPU.Build.0 = Debug|Any CPU
		{7FBBA5D8-5A04-4A9C-862F-892345769155}.Release|Any CPU.ActiveCfg = Release|Any CPU
		{7FBBA5D8-5A04-4A9C-862F-892345769155}.Release|Any CPU.Build.0 = Release|Any CPU
		{B6849714-9CB7-4B32-9076-4E36140E4AB0}.Debug|Any CPU.ActiveCfg = Debug|Any CPU
		{B6849714-9CB7-4B32-9076-4E36140E4AB0}.Debug|Any CPU.Build.0 = Debug|Any CPU
		{B6849714-9CB7-4B32-9076-4E36140E4AB0}.Release|Any CPU.ActiveCfg = Release|Any CPU
		{B6849714-9CB7-4B32-9076-4E36140E4AB0}.Release|Any CPU.Build.0 = Release|Any CPU
		{EAD02AC4-A9EA-412F-8F57-82405C07FF80}.Debug|Any CPU.ActiveCfg = Debug|Any CPU
		{EAD02AC4-A9EA-412F-8F57-82405C07FF80}.Debug|Any CPU.Build.0 = Debug|Any CPU
		{EAD02AC4-A9EA-412F-8F57-82405C07FF80}.Release|Any CPU.ActiveCfg = Release|Any CPU
		{EAD02AC4-A9EA-412F-8F57-82405C07FF80}.Release|Any CPU.Build.0 = Release|Any CPU
		{D837EBEC-90A2-4275-95F7-B50D6765E09F}.Debug|Any CPU.ActiveCfg = Debug|Any CPU
		{D837EBEC-90A2-4275-95F7-B50D6765E09F}.Debug|Any CPU.Build.0 = Debug|Any CPU
		{D837EBEC-90A2-4275-95F7-B50D6765E09F}.Release|Any CPU.ActiveCfg = Release|Any CPU
		{D837EBEC-90A2-4275-95F7-B50D6765E09F}.Release|Any CPU.Build.0 = Release|Any CPU
		{4D767D55-189F-486C-A1AD-F0799168D127}.Debug|Any CPU.ActiveCfg = Debug|Any CPU
		{4D767D55-189F-486C-A1AD-F0799168D127}.Debug|Any CPU.Build.0 = Debug|Any CPU
		{4D767D55-189F-486C-A1AD-F0799168D127}.Release|Any CPU.ActiveCfg = Release|Any CPU
		{4D767D55-189F-486C-A1AD-F0799168D127}.Release|Any CPU.Build.0 = Release|Any CPU
		{BB0593ED-1E53-4DF4-90A3-E677BC80F49A}.Debug|Any CPU.ActiveCfg = Debug|Any CPU
		{BB0593ED-1E53-4DF4-90A3-E677BC80F49A}.Debug|Any CPU.Build.0 = Debug|Any CPU
		{BB0593ED-1E53-4DF4-90A3-E677BC80F49A}.Release|Any CPU.ActiveCfg = Release|Any CPU
		{BB0593ED-1E53-4DF4-90A3-E677BC80F49A}.Release|Any CPU.Build.0 = Release|Any CPU
		{2E1BF470-8E4C-4B31-B6E2-5543A22C6662}.Debug|Any CPU.ActiveCfg = Debug|Any CPU
		{2E1BF470-8E4C-4B31-B6E2-5543A22C6662}.Debug|Any CPU.Build.0 = Debug|Any CPU
		{2E1BF470-8E4C-4B31-B6E2-5543A22C6662}.Release|Any CPU.ActiveCfg = Release|Any CPU
		{2E1BF470-8E4C-4B31-B6E2-5543A22C6662}.Release|Any CPU.Build.0 = Release|Any CPU
		{75548A57-3A1D-477E-824F-BF8C07B10122}.Debug|Any CPU.ActiveCfg = Debug|Any CPU
		{75548A57-3A1D-477E-824F-BF8C07B10122}.Debug|Any CPU.Build.0 = Debug|Any CPU
		{75548A57-3A1D-477E-824F-BF8C07B10122}.Release|Any CPU.ActiveCfg = Release|Any CPU
		{75548A57-3A1D-477E-824F-BF8C07B10122}.Release|Any CPU.Build.0 = Release|Any CPU
		{5A43A88B-50EF-4D96-9942-682352713D24}.Debug|Any CPU.ActiveCfg = Debug|Any CPU
		{5A43A88B-50EF-4D96-9942-682352713D24}.Debug|Any CPU.Build.0 = Debug|Any CPU
		{5A43A88B-50EF-4D96-9942-682352713D24}.Release|Any CPU.ActiveCfg = Release|Any CPU
		{5A43A88B-50EF-4D96-9942-682352713D24}.Release|Any CPU.Build.0 = Release|Any CPU
		{CAB5898C-F1A8-44E7-A794-57B48F7C6BA6}.Debug|Any CPU.ActiveCfg = Debug|Any CPU
		{CAB5898C-F1A8-44E7-A794-57B48F7C6BA6}.Debug|Any CPU.Build.0 = Debug|Any CPU
		{CAB5898C-F1A8-44E7-A794-57B48F7C6BA6}.Release|Any CPU.ActiveCfg = Release|Any CPU
		{CAB5898C-F1A8-44E7-A794-57B48F7C6BA6}.Release|Any CPU.Build.0 = Release|Any CPU
		{2C61FC43-341A-46E6-8CA6-C865A9DD1EED}.Debug|Any CPU.ActiveCfg = Debug|Any CPU
		{2C61FC43-341A-46E6-8CA6-C865A9DD1EED}.Debug|Any CPU.Build.0 = Debug|Any CPU
		{2C61FC43-341A-46E6-8CA6-C865A9DD1EED}.Release|Any CPU.ActiveCfg = Release|Any CPU
		{2C61FC43-341A-46E6-8CA6-C865A9DD1EED}.Release|Any CPU.Build.0 = Release|Any CPU
		{7549B303-C581-48FD-A749-C5CBE1B26A9B}.Debug|Any CPU.ActiveCfg = Debug|Any CPU
		{7549B303-C581-48FD-A749-C5CBE1B26A9B}.Debug|Any CPU.Build.0 = Debug|Any CPU
		{7549B303-C581-48FD-A749-C5CBE1B26A9B}.Release|Any CPU.ActiveCfg = Release|Any CPU
		{7549B303-C581-48FD-A749-C5CBE1B26A9B}.Release|Any CPU.Build.0 = Release|Any CPU
		{29CF70C3-C682-454E-9549-A8027D36D53E}.Debug|Any CPU.ActiveCfg = Debug|Any CPU
		{29CF70C3-C682-454E-9549-A8027D36D53E}.Debug|Any CPU.Build.0 = Debug|Any CPU
		{29CF70C3-C682-454E-9549-A8027D36D53E}.Release|Any CPU.ActiveCfg = Release|Any CPU
		{29CF70C3-C682-454E-9549-A8027D36D53E}.Release|Any CPU.Build.0 = Release|Any CPU
		{FAC99B63-0BC3-4DC8-A267-EB0D951099D9}.Debug|Any CPU.ActiveCfg = Debug|Any CPU
		{FAC99B63-0BC3-4DC8-A267-EB0D951099D9}.Debug|Any CPU.Build.0 = Debug|Any CPU
		{FAC99B63-0BC3-4DC8-A267-EB0D951099D9}.Release|Any CPU.ActiveCfg = Release|Any CPU
		{FAC99B63-0BC3-4DC8-A267-EB0D951099D9}.Release|Any CPU.Build.0 = Release|Any CPU
		{B4D9079E-0AD9-4A79-A61C-6308C6BEEF2F}.Debug|Any CPU.ActiveCfg = Debug|Any CPU
		{B4D9079E-0AD9-4A79-A61C-6308C6BEEF2F}.Debug|Any CPU.Build.0 = Debug|Any CPU
		{B4D9079E-0AD9-4A79-A61C-6308C6BEEF2F}.Release|Any CPU.ActiveCfg = Release|Any CPU
		{B4D9079E-0AD9-4A79-A61C-6308C6BEEF2F}.Release|Any CPU.Build.0 = Release|Any CPU
		{79E0EE1D-4BE4-41FC-B40D-2EDCFD2CE5D9}.Debug|Any CPU.ActiveCfg = Debug|Any CPU
		{79E0EE1D-4BE4-41FC-B40D-2EDCFD2CE5D9}.Debug|Any CPU.Build.0 = Debug|Any CPU
		{79E0EE1D-4BE4-41FC-B40D-2EDCFD2CE5D9}.Release|Any CPU.ActiveCfg = Release|Any CPU
		{79E0EE1D-4BE4-41FC-B40D-2EDCFD2CE5D9}.Release|Any CPU.Build.0 = Release|Any CPU
		{F28A24BA-FE35-4A2C-9975-24593104FDEF}.Debug|Any CPU.ActiveCfg = Debug|Any CPU
		{F28A24BA-FE35-4A2C-9975-24593104FDEF}.Debug|Any CPU.Build.0 = Debug|Any CPU
		{F28A24BA-FE35-4A2C-9975-24593104FDEF}.Release|Any CPU.ActiveCfg = Release|Any CPU
		{F28A24BA-FE35-4A2C-9975-24593104FDEF}.Release|Any CPU.Build.0 = Release|Any CPU
		{45B2B111-9637-4A49-8D49-6C90518AA9A7}.Debug|Any CPU.ActiveCfg = Debug|Any CPU
		{45B2B111-9637-4A49-8D49-6C90518AA9A7}.Debug|Any CPU.Build.0 = Debug|Any CPU
		{45B2B111-9637-4A49-8D49-6C90518AA9A7}.Release|Any CPU.ActiveCfg = Release|Any CPU
		{45B2B111-9637-4A49-8D49-6C90518AA9A7}.Release|Any CPU.Build.0 = Release|Any CPU
		{8AFDC2FD-8460-4777-B4A3-7F0BFEB05298}.Debug|Any CPU.ActiveCfg = Debug|Any CPU
		{8AFDC2FD-8460-4777-B4A3-7F0BFEB05298}.Debug|Any CPU.Build.0 = Debug|Any CPU
		{8AFDC2FD-8460-4777-B4A3-7F0BFEB05298}.Release|Any CPU.ActiveCfg = Release|Any CPU
		{8AFDC2FD-8460-4777-B4A3-7F0BFEB05298}.Release|Any CPU.Build.0 = Release|Any CPU
		{18C15936-1BDC-47FD-B81A-D259C6B6B244}.Debug|Any CPU.ActiveCfg = Debug|Any CPU
		{18C15936-1BDC-47FD-B81A-D259C6B6B244}.Debug|Any CPU.Build.0 = Debug|Any CPU
		{18C15936-1BDC-47FD-B81A-D259C6B6B244}.Release|Any CPU.ActiveCfg = Release|Any CPU
		{18C15936-1BDC-47FD-B81A-D259C6B6B244}.Release|Any CPU.Build.0 = Release|Any CPU
		{914CC790-6F7A-4200-B8A1-35EA396EFD04}.Debug|Any CPU.ActiveCfg = Debug|Any CPU
		{914CC790-6F7A-4200-B8A1-35EA396EFD04}.Debug|Any CPU.Build.0 = Debug|Any CPU
		{914CC790-6F7A-4200-B8A1-35EA396EFD04}.Release|Any CPU.ActiveCfg = Release|Any CPU
		{914CC790-6F7A-4200-B8A1-35EA396EFD04}.Release|Any CPU.Build.0 = Release|Any CPU
	EndGlobalSection
	GlobalSection(SolutionProperties) = preSolution
		HideSolutionNode = FALSE
	EndGlobalSection
	GlobalSection(ExtensibilityGlobals) = postSolution
		SolutionGuid = {59D79ACB-BAF1-4FF7-8673-F4C91BE7037F}
	EndGlobalSection
EndGlobal
