
Microsoft Visual Studio Solution File, Format Version 12.00
# Visual Studio 15
VisualStudioVersion = 15.0.28010.2003
MinimumVisualStudioVersion = 10.0.40219.1
Project("{FAE04EC0-301F-11D3-BF4B-00C04F79EFBC}") = "Variabler", "Variabler\Variabler.csproj", "{6CAB6B2C-329E-46F9-8904-4F18BE3A4383}"
EndProject
Project("{FAE04EC0-301F-11D3-BF4B-00C04F79EFBC}") = "VariabelOpgave", "VariabelOpgave\VariabelOpgave.csproj", "{BD1E3ADC-448A-470A-B4D7-C75D52E3AB16}"
EndProject
Project("{FAE04EC0-301F-11D3-BF4B-00C04F79EFBC}") = "DatoOpgave", "DatoOpgave\DatoOpgave.csproj", "{27C06F6B-16C5-4AB2-98CD-154FB9BB821B}"
EndProject
Project("{FAE04EC0-301F-11D3-BF4B-00C04F79EFBC}") = "EnumOpgave", "EnumOpgave\EnumOpgave.csproj", "{7FBBA5D8-5A04-4A9C-862F-892345769155}"
EndProject
Project("{FAE04EC0-301F-11D3-BF4B-00C04F79EFBC}") = "TalTabel", "TalTabel\TalTabel.csproj", "{B6849714-9CB7-4B32-9076-4E36140E4AB0}"
EndProject
Global
	GlobalSection(SolutionConfigurationPlatforms) = preSolution
		Debug|Any CPU = Debug|Any CPU
		Release|Any CPU = Release|Any CPU
	EndGlobalSection
	GlobalSection(ProjectConfigurationPlatforms) = postSolution
		{6CAB6B2C-329E-46F9-8904-4F18BE3A4383}.Debug|Any CPU.ActiveCfg = Debug|Any CPU
		{6CAB6B2C-329E-46F9-8904-4F18BE3A4383}.Debug|Any CPU.Build.0 = Debug|Any CPU
		{6CAB6B2C-329E-46F9-8904-4F18BE3A4383}.Release|Any CPU.ActiveCfg = Release|Any CPU
		{6CAB6B2C-329E-46F9-8904-4F18BE3A4383}.Release|Any CPU.Build.0 = Release|Any CPU
		{BD1E3ADC-448A-470A-B4D7-C75D52E3AB16}.Debug|Any CPU.ActiveCfg = Debug|Any CPU
		{BD1E3ADC-448A-470A-B4D7-C75D52E3AB16}.Debug|Any CPU.Build.0 = Debug|Any CPU
		{BD1E3ADC-448A-470A-B4D7-C75D52E3AB16}.Release|Any CPU.ActiveCfg = Release|Any CPU
		{BD1E3ADC-448A-470A-B4D7-C75D52E3AB16}.Release|Any CPU.Build.0 = Release|Any CPU
		{27C06F6B-16C5-4AB2-98CD-154FB9BB821B}.Debug|Any CPU.ActiveCfg = Debug|Any CPU
		{27C06F6B-16C5-4AB2-98CD-154FB9BB821B}.Debug|Any CPU.Build.0 = Debug|Any CPU
		{27C06F6B-16C5-4AB2-98CD-154FB9BB821B}.Release|Any CPU.ActiveCfg = Release|Any CPU
		{27C06F6B-16C5-4AB2-98CD-154FB9BB821B}.Release|Any CPU.Build.0 = Release|Any CPU
		{7FBBA5D8-5A04-4A9C-862F-892345769155}.Debug|Any CPU.ActiveCfg = Debug|Any CPU
		{7FBBA5D8-5A04-4A9C-862F-892345769155}.Debug|Any CPU.Build.0 = Debug|Any CPU
		{7FBBA5D8-5A04-4A9C-862F-892345769155}.Release|Any CPU.ActiveCfg = Release|Any CPU
		{7FBBA5D8-5A04-4A9C-862F-892345769155}.Release|Any CPU.Build.0 = Release|Any CPU
		{B6849714-9CB7-4B32-9076-4E36140E4AB0}.Debug|Any CPU.ActiveCfg = Debug|Any CPU
		{B6849714-9CB7-4B32-9076-4E36140E4AB0}.Debug|Any CPU.Build.0 = Debug|Any CPU
		{B6849714-9CB7-4B32-9076-4E36140E4AB0}.Release|Any CPU.ActiveCfg = Release|Any CPU
		{B6849714-9CB7-4B32-9076-4E36140E4AB0}.Release|Any CPU.Build.0 = Release|Any CPU
	EndGlobalSection
	GlobalSection(SolutionProperties) = preSolution
		HideSolutionNode = FALSE
	EndGlobalSection
	GlobalSection(ExtensibilityGlobals) = postSolution
		SolutionGuid = {59D79ACB-BAF1-4FF7-8673-F4C91BE7037F}
	EndGlobalSection
EndGlobal
